// !$*UTF8*$!
{
	archiveVersion = 1;
	classes = {
	};
	objectVersion = 56;
	objects = {

/* Begin PBXBuildFile section */
		276081DA2A3E5ECB00796B36 /* oldrandom.swift in Sources */ = {isa = PBXBuildFile; fileRef = 276081D92A3E5ECB00796B36 /* oldrandom.swift */; };
		276081DC2A3E696D00796B36 /* backtest.swift in Sources */ = {isa = PBXBuildFile; fileRef = 276081DB2A3E696D00796B36 /* backtest.swift */; };
		2776D01F2A34145A00BD68D7 /* PicSurpriseApp.swift in Sources */ = {isa = PBXBuildFile; fileRef = 2776D01E2A34145A00BD68D7 /* PicSurpriseApp.swift */; };
		2776D0212A34145A00BD68D7 /* ContentView.swift in Sources */ = {isa = PBXBuildFile; fileRef = 2776D0202A34145A00BD68D7 /* ContentView.swift */; };
		2776D0232A34145B00BD68D7 /* Assets.xcassets in Resources */ = {isa = PBXBuildFile; fileRef = 2776D0222A34145B00BD68D7 /* Assets.xcassets */; };
		2776D0272A34145B00BD68D7 /* Preview Assets.xcassets in Resources */ = {isa = PBXBuildFile; fileRef = 2776D0262A34145B00BD68D7 /* Preview Assets.xcassets */; };
		2776D02E2A34150800BD68D7 /* RandomImageView.swift in Sources */ = {isa = PBXBuildFile; fileRef = 2776D02D2A34150800BD68D7 /* RandomImageView.swift */; };
		2776D0302A34153600BD68D7 /* HomeView.swift in Sources */ = {isa = PBXBuildFile; fileRef = 2776D02F2A34153600BD68D7 /* HomeView.swift */; };
		2776D0322A3429B800BD68D7 /* 475695CA-7D1A-4FDC-ABBE-D8C3CC779E60_1_102_o1199.jpeg in Resources */ = {isa = PBXBuildFile; fileRef = 2776D0312A3429B800BD68D7 /* 475695CA-7D1A-4FDC-ABBE-D8C3CC779E60_1_102_o1199.jpeg */; };
		2776D0342A34317700BD68D7 /* contentArray.swift in Sources */ = {isa = PBXBuildFile; fileRef = 2776D0332A34317700BD68D7 /* contentArray.swift */; };
		279D8BD82A356D35005F4E15 /* test.swift in Sources */ = {isa = PBXBuildFile; fileRef = 279D8BD72A356D35005F4E15 /* test.swift */; };
		279D8BDA2A356F35005F4E15 /* BDFA3C80-4077-4A17-94E2-3410FE7EA2F6_1_102_o.jpeg in Resources */ = {isa = PBXBuildFile; fileRef = 279D8BD92A356F35005F4E15 /* BDFA3C80-4077-4A17-94E2-3410FE7EA2F6_1_102_o.jpeg */; };
		27DA01AD2A3EAE43002A538B /* ps1024.jpg in Resources */ = {isa = PBXBuildFile; fileRef = 27DA01AC2A3EAE43002A538B /* ps1024.jpg */; };
		27DA01B12A3EBB72002A538B /* URLImage in Frameworks */ = {isa = PBXBuildFile; productRef = 27DA01B02A3EBB72002A538B /* URLImage */; };
		27DA01B32A3EBB72002A538B /* URLImageStore in Frameworks */ = {isa = PBXBuildFile; productRef = 27DA01B22A3EBB72002A538B /* URLImageStore */; };
		27F32FBE2A3E596D00B6953D /* newrandom.swift in Sources */ = {isa = PBXBuildFile; fileRef = 27F32FBD2A3E596C00B6953D /* newrandom.swift */; };
/* End PBXBuildFile section */

/* Begin PBXFileReference section */
		276081D92A3E5ECB00796B36 /* oldrandom.swift */ = {isa = PBXFileReference; lastKnownFileType = sourcecode.swift; path = oldrandom.swift; sourceTree = "<group>"; };
		276081DB2A3E696D00796B36 /* backtest.swift */ = {isa = PBXFileReference; lastKnownFileType = sourcecode.swift; path = backtest.swift; sourceTree = "<group>"; };
		2776D01B2A34145A00BD68D7 /* PicSurprise.app */ = {isa = PBXFileReference; explicitFileType = wrapper.application; includeInIndex = 0; path = PicSurprise.app; sourceTree = BUILT_PRODUCTS_DIR; };
		2776D01E2A34145A00BD68D7 /* PicSurpriseApp.swift */ = {isa = PBXFileReference; lastKnownFileType = sourcecode.swift; path = PicSurpriseApp.swift; sourceTree = "<group>"; };
		2776D0202A34145A00BD68D7 /* ContentView.swift */ = {isa = PBXFileReference; lastKnownFileType = sourcecode.swift; path = ContentView.swift; sourceTree = "<group>"; };
		2776D0222A34145B00BD68D7 /* Assets.xcassets */ = {isa = PBXFileReference; lastKnownFileType = folder.assetcatalog; path = Assets.xcassets; sourceTree = "<group>"; };
		2776D0242A34145B00BD68D7 /* PicSurprise.entitlements */ = {isa = PBXFileReference; lastKnownFileType = text.plist.entitlements; path = PicSurprise.entitlements; sourceTree = "<group>"; };
		2776D0262A34145B00BD68D7 /* Preview Assets.xcassets */ = {isa = PBXFileReference; lastKnownFileType = folder.assetcatalog; path = "Preview Assets.xcassets"; sourceTree = "<group>"; };
		2776D02D2A34150800BD68D7 /* RandomImageView.swift */ = {isa = PBXFileReference; lastKnownFileType = sourcecode.swift; path = RandomImageView.swift; sourceTree = "<group>"; };
		2776D02F2A34153600BD68D7 /* HomeView.swift */ = {isa = PBXFileReference; lastKnownFileType = sourcecode.swift; path = HomeView.swift; sourceTree = "<group>"; };
		2776D0312A3429B800BD68D7 /* 475695CA-7D1A-4FDC-ABBE-D8C3CC779E60_1_102_o1199.jpeg */ = {isa = PBXFileReference; lastKnownFileType = image.jpeg; path = "475695CA-7D1A-4FDC-ABBE-D8C3CC779E60_1_102_o1199.jpeg"; sourceTree = "<group>"; };
		2776D0332A34317700BD68D7 /* contentArray.swift */ = {isa = PBXFileReference; lastKnownFileType = sourcecode.swift; path = contentArray.swift; sourceTree = "<group>"; };
		279D8BD72A356D35005F4E15 /* test.swift */ = {isa = PBXFileReference; lastKnownFileType = sourcecode.swift; path = test.swift; sourceTree = "<group>"; };
		279D8BD92A356F35005F4E15 /* BDFA3C80-4077-4A17-94E2-3410FE7EA2F6_1_102_o.jpeg */ = {isa = PBXFileReference; lastKnownFileType = image.jpeg; path = "BDFA3C80-4077-4A17-94E2-3410FE7EA2F6_1_102_o.jpeg"; sourceTree = "<group>"; };
		27DA01AC2A3EAE43002A538B /* ps1024.jpg */ = {isa = PBXFileReference; lastKnownFileType = image.jpeg; path = ps1024.jpg; sourceTree = "<group>"; };
		27F32FBD2A3E596C00B6953D /* newrandom.swift */ = {isa = PBXFileReference; lastKnownFileType = sourcecode.swift; path = newrandom.swift; sourceTree = "<group>"; };
/* End PBXFileReference section */

/* Begin PBXFrameworksBuildPhase section */
		2776D0182A34145A00BD68D7 /* Frameworks */ = {
			isa = PBXFrameworksBuildPhase;
			buildActionMask = 2147483647;
			files = (
				27DA01B32A3EBB72002A538B /* URLImageStore in Frameworks */,
				27DA01B12A3EBB72002A538B /* URLImage in Frameworks */,
			);
			runOnlyForDeploymentPostprocessing = 0;
		};
/* End PBXFrameworksBuildPhase section */

/* Begin PBXGroup section */
		2776D0122A34145A00BD68D7 = {
			isa = PBXGroup;
			children = (
				2776D01D2A34145A00BD68D7 /* PicSurprise */,
				2776D01C2A34145A00BD68D7 /* Products */,
			);
			sourceTree = "<group>";
		};
		2776D01C2A34145A00BD68D7 /* Products */ = {
			isa = PBXGroup;
			children = (
				2776D01B2A34145A00BD68D7 /* PicSurprise.app */,
			);
			name = Products;
			sourceTree = "<group>";
		};
		2776D01D2A34145A00BD68D7 /* PicSurprise */ = {
			isa = PBXGroup;
			children = (
				2776D0332A34317700BD68D7 /* contentArray.swift */,
				2776D02F2A34153600BD68D7 /* HomeView.swift */,
				279D8BD72A356D35005F4E15 /* test.swift */,
				276081DB2A3E696D00796B36 /* backtest.swift */,
				27DA01AE2A3EB93F002A538B /* old */,
				2776D01E2A34145A00BD68D7 /* PicSurpriseApp.swift */,
				2776D0202A34145A00BD68D7 /* ContentView.swift */,
				2776D0222A34145B00BD68D7 /* Assets.xcassets */,
				27DA01AC2A3EAE43002A538B /* ps1024.jpg */,
				279D8BD92A356F35005F4E15 /* BDFA3C80-4077-4A17-94E2-3410FE7EA2F6_1_102_o.jpeg */,
				2776D0312A3429B800BD68D7 /* 475695CA-7D1A-4FDC-ABBE-D8C3CC779E60_1_102_o1199.jpeg */,
				2776D0252A34145B00BD68D7 /* Preview Content */,
				2776D0242A34145B00BD68D7 /* PicSurprise.entitlements */,
			);
			path = PicSurprise;
			sourceTree = "<group>";
		};
		2776D0252A34145B00BD68D7 /* Preview Content */ = {
			isa = PBXGroup;
			children = (
				2776D0262A34145B00BD68D7 /* Preview Assets.xcassets */,
			);
			path = "Preview Content";
			sourceTree = "<group>";
		};
		27DA01AE2A3EB93F002A538B /* old */ = {
			isa = PBXGroup;
			children = (
				276081D92A3E5ECB00796B36 /* oldrandom.swift */,
				2776D02D2A34150800BD68D7 /* RandomImageView.swift */,
				27F32FBD2A3E596C00B6953D /* newrandom.swift */,
			);
			path = old;
			sourceTree = "<group>";
		};
/* End PBXGroup section */

/* Begin PBXNativeTarget section */
		2776D01A2A34145A00BD68D7 /* PicSurprise */ = {
			isa = PBXNativeTarget;
			buildConfigurationList = 2776D02A2A34145B00BD68D7 /* Build configuration list for PBXNativeTarget "PicSurprise" */;
			buildPhases = (
				2776D0172A34145A00BD68D7 /* Sources */,
				2776D0182A34145A00BD68D7 /* Frameworks */,
				2776D0192A34145A00BD68D7 /* Resources */,
			);
			buildRules = (
			);
			dependencies = (
			);
			name = PicSurprise;
			packageProductDependencies = (
				27DA01B02A3EBB72002A538B /* URLImage */,
				27DA01B22A3EBB72002A538B /* URLImageStore */,
			);
			productName = PicSurprise;
			productReference = 2776D01B2A34145A00BD68D7 /* PicSurprise.app */;
			productType = "com.apple.product-type.application";
		};
/* End PBXNativeTarget section */

/* Begin PBXProject section */
		2776D0132A34145A00BD68D7 /* Project object */ = {
			isa = PBXProject;
			attributes = {
				BuildIndependentTargetsInParallel = 1;
				LastSwiftUpdateCheck = 1500;
				LastUpgradeCheck = 1500;
				TargetAttributes = {
					2776D01A2A34145A00BD68D7 = {
						CreatedOnToolsVersion = 15.0;
					};
				};
			};
			buildConfigurationList = 2776D0162A34145A00BD68D7 /* Build configuration list for PBXProject "PicSurprise" */;
			compatibilityVersion = "Xcode 14.0";
			developmentRegion = en;
			hasScannedForEncodings = 0;
			knownRegions = (
				en,
				Base,
			);
			mainGroup = 2776D0122A34145A00BD68D7;
			packageReferences = (
				27DA01AF2A3EBB72002A538B /* XCRemoteSwiftPackageReference "url-image" */,
			);
			productRefGroup = 2776D01C2A34145A00BD68D7 /* Products */;
			projectDirPath = "";
			projectRoot = "";
			targets = (
				2776D01A2A34145A00BD68D7 /* PicSurprise */,
			);
		};
/* End PBXProject section */

/* Begin PBXResourcesBuildPhase section */
		2776D0192A34145A00BD68D7 /* Resources */ = {
			isa = PBXResourcesBuildPhase;
			buildActionMask = 2147483647;
			files = (
				279D8BDA2A356F35005F4E15 /* BDFA3C80-4077-4A17-94E2-3410FE7EA2F6_1_102_o.jpeg in Resources */,
				2776D0272A34145B00BD68D7 /* Preview Assets.xcassets in Resources */,
				2776D0232A34145B00BD68D7 /* Assets.xcassets in Resources */,
				2776D0322A3429B800BD68D7 /* 475695CA-7D1A-4FDC-ABBE-D8C3CC779E60_1_102_o1199.jpeg in Resources */,
				27DA01AD2A3EAE43002A538B /* ps1024.jpg in Resources */,
			);
			runOnlyForDeploymentPostprocessing = 0;
		};
/* End PBXResourcesBuildPhase section */

/* Begin PBXSourcesBuildPhase section */
		2776D0172A34145A00BD68D7 /* Sources */ = {
			isa = PBXSourcesBuildPhase;
			buildActionMask = 2147483647;
			files = (
				27F32FBE2A3E596D00B6953D /* newrandom.swift in Sources */,
				2776D0212A34145A00BD68D7 /* ContentView.swift in Sources */,
				276081DA2A3E5ECB00796B36 /* oldrandom.swift in Sources */,
				279D8BD82A356D35005F4E15 /* test.swift in Sources */,
				276081DC2A3E696D00796B36 /* backtest.swift in Sources */,
				2776D0302A34153600BD68D7 /* HomeView.swift in Sources */,
				2776D0342A34317700BD68D7 /* contentArray.swift in Sources */,
				2776D01F2A34145A00BD68D7 /* PicSurpriseApp.swift in Sources */,
				2776D02E2A34150800BD68D7 /* RandomImageView.swift in Sources */,
			);
			runOnlyForDeploymentPostprocessing = 0;
		};
/* End PBXSourcesBuildPhase section */

/* Begin XCBuildConfiguration section */
		2776D0282A34145B00BD68D7 /* Debug */ = {
			isa = XCBuildConfiguration;
			buildSettings = {
				ALLOW_TARGET_PLATFORM_SPECIALIZATION = YES;
				ALWAYS_SEARCH_USER_PATHS = NO;
				ASSETCATALOG_COMPILER_GENERATE_SWIFT_ASSET_SYMBOL_EXTENSIONS = YES;
				CLANG_ANALYZER_NONNULL = YES;
				CLANG_ANALYZER_NUMBER_OBJECT_CONVERSION = YES_AGGRESSIVE;
				CLANG_CXX_LANGUAGE_STANDARD = "gnu++20";
				CLANG_ENABLE_MODULES = YES;
				CLANG_ENABLE_OBJC_ARC = YES;
				CLANG_ENABLE_OBJC_WEAK = YES;
				CLANG_WARN_BLOCK_CAPTURE_AUTORELEASING = YES;
				CLANG_WARN_BOOL_CONVERSION = YES;
				CLANG_WARN_COMMA = YES;
				CLANG_WARN_CONSTANT_CONVERSION = YES;
				CLANG_WARN_DEPRECATED_OBJC_IMPLEMENTATIONS = YES;
				CLANG_WARN_DIRECT_OBJC_ISA_USAGE = YES_ERROR;
				CLANG_WARN_DOCUMENTATION_COMMENTS = YES;
				CLANG_WARN_EMPTY_BODY = YES;
				CLANG_WARN_ENUM_CONVERSION = YES;
				CLANG_WARN_INFINITE_RECURSION = YES;
				CLANG_WARN_INT_CONVERSION = YES;
				CLANG_WARN_NON_LITERAL_NULL_CONVERSION = YES;
				CLANG_WARN_OBJC_IMPLICIT_RETAIN_SELF = YES;
				CLANG_WARN_OBJC_LITERAL_CONVERSION = YES;
				CLANG_WARN_OBJC_ROOT_CLASS = YES_ERROR;
				CLANG_WARN_QUOTED_INCLUDE_IN_FRAMEWORK_HEADER = YES;
				CLANG_WARN_RANGE_LOOP_ANALYSIS = YES;
				CLANG_WARN_STRICT_PROTOTYPES = YES;
				CLANG_WARN_SUSPICIOUS_MOVE = YES;
				CLANG_WARN_UNGUARDED_AVAILABILITY = YES_AGGRESSIVE;
				CLANG_WARN_UNREACHABLE_CODE = YES;
				CLANG_WARN__DUPLICATE_METHOD_MATCH = YES;
				CODE_SIGN_IDENTITY = "Apple Development";
				COPY_PHASE_STRIP = NO;
				DEBUG_INFORMATION_FORMAT = dwarf;
				ENABLE_STRICT_OBJC_MSGSEND = YES;
				ENABLE_TESTABILITY = YES;
				ENABLE_USER_SCRIPT_SANDBOXING = YES;
				GCC_C_LANGUAGE_STANDARD = gnu17;
				GCC_DYNAMIC_NO_PIC = NO;
				GCC_NO_COMMON_BLOCKS = YES;
				GCC_OPTIMIZATION_LEVEL = 0;
				GCC_PREPROCESSOR_DEFINITIONS = (
					"DEBUG=1",
					"$(inherited)",
				);
				GCC_WARN_64_TO_32_BIT_CONVERSION = YES;
				GCC_WARN_ABOUT_RETURN_TYPE = YES_ERROR;
				GCC_WARN_UNDECLARED_SELECTOR = YES;
				GCC_WARN_UNINITIALIZED_AUTOS = YES_AGGRESSIVE;
				GCC_WARN_UNUSED_FUNCTION = YES;
				GCC_WARN_UNUSED_VARIABLE = YES;
				"INFOPLIST_FILE[sdk=*]" = info.plist;
				IPHONEOS_DEPLOYMENT_TARGET = 17.0;
				LOCALIZATION_PREFERS_STRING_CATALOGS = YES;
				MACOSX_DEPLOYMENT_TARGET = 13.4;
				MTL_ENABLE_DEBUG_INFO = INCLUDE_SOURCE;
				MTL_FAST_MATH = YES;
				ONLY_ACTIVE_ARCH = NO;
				SDKROOT = iphoneos;
				SUPPORTED_PLATFORMS = "iphonesimulator iphoneos";
				SUPPORTS_MACCATALYST = YES;
				SWIFT_ACTIVE_COMPILATION_CONDITIONS = "DEBUG $(inherited)";
				SWIFT_OPTIMIZATION_LEVEL = "-Onone";
				TVOS_DEPLOYMENT_TARGET = 17.0;
			};
			name = Debug;
		};
		2776D0292A34145B00BD68D7 /* Release */ = {
			isa = XCBuildConfiguration;
			buildSettings = {
				ALLOW_TARGET_PLATFORM_SPECIALIZATION = YES;
				ALWAYS_SEARCH_USER_PATHS = NO;
				ASSETCATALOG_COMPILER_GENERATE_SWIFT_ASSET_SYMBOL_EXTENSIONS = YES;
				CLANG_ANALYZER_NONNULL = YES;
				CLANG_ANALYZER_NUMBER_OBJECT_CONVERSION = YES_AGGRESSIVE;
				CLANG_CXX_LANGUAGE_STANDARD = "gnu++20";
				CLANG_ENABLE_MODULES = YES;
				CLANG_ENABLE_OBJC_ARC = YES;
				CLANG_ENABLE_OBJC_WEAK = YES;
				CLANG_WARN_BLOCK_CAPTURE_AUTORELEASING = YES;
				CLANG_WARN_BOOL_CONVERSION = YES;
				CLANG_WARN_COMMA = YES;
				CLANG_WARN_CONSTANT_CONVERSION = YES;
				CLANG_WARN_DEPRECATED_OBJC_IMPLEMENTATIONS = YES;
				CLANG_WARN_DIRECT_OBJC_ISA_USAGE = YES_ERROR;
				CLANG_WARN_DOCUMENTATION_COMMENTS = YES;
				CLANG_WARN_EMPTY_BODY = YES;
				CLANG_WARN_ENUM_CONVERSION = YES;
				CLANG_WARN_INFINITE_RECURSION = YES;
				CLANG_WARN_INT_CONVERSION = YES;
				CLANG_WARN_NON_LITERAL_NULL_CONVERSION = YES;
				CLANG_WARN_OBJC_IMPLICIT_RETAIN_SELF = YES;
				CLANG_WARN_OBJC_LITERAL_CONVERSION = YES;
				CLANG_WARN_OBJC_ROOT_CLASS = YES_ERROR;
				CLANG_WARN_QUOTED_INCLUDE_IN_FRAMEWORK_HEADER = YES;
				CLANG_WARN_RANGE_LOOP_ANALYSIS = YES;
				CLANG_WARN_STRICT_PROTOTYPES = YES;
				CLANG_WARN_SUSPICIOUS_MOVE = YES;
				CLANG_WARN_UNGUARDED_AVAILABILITY = YES_AGGRESSIVE;
				CLANG_WARN_UNREACHABLE_CODE = YES;
				CLANG_WARN__DUPLICATE_METHOD_MATCH = YES;
				CODE_SIGN_IDENTITY = "Apple Development";
				COPY_PHASE_STRIP = NO;
				DEBUG_INFORMATION_FORMAT = "dwarf-with-dsym";
				ENABLE_NS_ASSERTIONS = NO;
				ENABLE_STRICT_OBJC_MSGSEND = YES;
				ENABLE_USER_SCRIPT_SANDBOXING = YES;
				GCC_C_LANGUAGE_STANDARD = gnu17;
				GCC_NO_COMMON_BLOCKS = YES;
				GCC_WARN_64_TO_32_BIT_CONVERSION = YES;
				GCC_WARN_ABOUT_RETURN_TYPE = YES_ERROR;
				GCC_WARN_UNDECLARED_SELECTOR = YES;
				GCC_WARN_UNINITIALIZED_AUTOS = YES_AGGRESSIVE;
				GCC_WARN_UNUSED_FUNCTION = YES;
				GCC_WARN_UNUSED_VARIABLE = YES;
				"INFOPLIST_FILE[sdk=*]" = info.plist;
				IPHONEOS_DEPLOYMENT_TARGET = 17.0;
				LOCALIZATION_PREFERS_STRING_CATALOGS = YES;
				MACOSX_DEPLOYMENT_TARGET = 13.4;
				MTL_ENABLE_DEBUG_INFO = NO;
				MTL_FAST_MATH = YES;
				ONLY_ACTIVE_ARCH = NO;
				SDKROOT = iphoneos;
				SUPPORTED_PLATFORMS = "iphonesimulator iphoneos";
				SUPPORTS_MACCATALYST = YES;
				SWIFT_COMPILATION_MODE = wholemodule;
				TVOS_DEPLOYMENT_TARGET = 17.0;
			};
			name = Release;
		};
		2776D02B2A34145B00BD68D7 /* Debug */ = {
			isa = XCBuildConfiguration;
			buildSettings = {
				ALLOW_TARGET_PLATFORM_SPECIALIZATION = YES;
				ASSETCATALOG_COMPILER_APPICON_NAME = AppIcon;
				ASSETCATALOG_COMPILER_GLOBAL_ACCENT_COLOR_NAME = AccentColor;
				ASSETCATALOG_COMPILER_INCLUDE_ALL_APPICON_ASSETS = NO;
				CODE_SIGN_ENTITLEMENTS = PicSurprise/PicSurprise.entitlements;
				CODE_SIGN_IDENTITY = "Apple Development";
				"CODE_SIGN_IDENTITY[sdk=macosx*]" = "Apple Development";
				CODE_SIGN_STYLE = Automatic;
				CURRENT_PROJECT_VERSION = 4;
				DEVELOPMENT_ASSET_PATHS = "\"PicSurprise/Preview Content\"";
				DEVELOPMENT_TEAM = CF385X2CHK;
				EMBED_ASSET_PACKS_IN_PRODUCT_BUNDLE = YES;
				ENABLE_HARDENED_RUNTIME = YES;
				ENABLE_PREVIEWS = YES;
				GENERATE_INFOPLIST_FILE = YES;
				"INFOPLIST_FILE[sdk=*]" = "";
				INFOPLIST_KEY_CFBundleDisplayName = "picSurprise!";
				INFOPLIST_KEY_LSApplicationCategoryType = "public.app-category.photography";
				"INFOPLIST_KEY_UIApplicationSceneManifest_Generation[sdk=iphoneos*]" = YES;
				"INFOPLIST_KEY_UIApplicationSceneManifest_Generation[sdk=iphonesimulator*]" = YES;
				"INFOPLIST_KEY_UIApplicationSupportsIndirectInputEvents[sdk=iphoneos*]" = YES;
				"INFOPLIST_KEY_UIApplicationSupportsIndirectInputEvents[sdk=iphonesimulator*]" = YES;
				"INFOPLIST_KEY_UILaunchScreen_Generation[sdk=iphoneos*]" = YES;
				"INFOPLIST_KEY_UILaunchScreen_Generation[sdk=iphonesimulator*]" = YES;
				"INFOPLIST_KEY_UIStatusBarStyle[sdk=iphoneos*]" = UIStatusBarStyleDefault;
				"INFOPLIST_KEY_UIStatusBarStyle[sdk=iphonesimulator*]" = UIStatusBarStyleDefault;
				INFOPLIST_KEY_UISupportedInterfaceOrientations = "UIInterfaceOrientationLandscapeLeft UIInterfaceOrientationLandscapeRight UIInterfaceOrientationPortrait";
				IPHONEOS_DEPLOYMENT_TARGET = 17.0;
				LD_RUNPATH_SEARCH_PATHS = "@executable_path/Frameworks";
				"LD_RUNPATH_SEARCH_PATHS[sdk=macosx*]" = "@executable_path/../Frameworks";
				MACOSX_DEPLOYMENT_TARGET = 12.3;
				MARKETING_VERSION = 2.3;
				PRODUCT_BUNDLE_IDENTIFIER = glowrocks.PicSurprise;
				PRODUCT_NAME = "$(TARGET_NAME)";
				PROVISIONING_PROFILE_SPECIFIER = "";
				SDKROOT = macosx;
				SUPPORTED_PLATFORMS = macosx;
				SUPPORTS_MACCATALYST = NO;
				SUPPORTS_MAC_DESIGNED_FOR_IPHONE_IPAD = NO;
				SWIFT_EMIT_LOC_STRINGS = YES;
				SWIFT_VERSION = 5.0;
				TARGETED_DEVICE_FAMILY = "1,2,3,4,6";
			};
			name = Debug;
		};
		2776D02C2A34145B00BD68D7 /* Release */ = {
			isa = XCBuildConfiguration;
			buildSettings = {
				ALLOW_TARGET_PLATFORM_SPECIALIZATION = YES;
				ASSETCATALOG_COMPILER_APPICON_NAME = AppIcon;
				"ASSETCATALOG_COMPILER_APPICON_NAME[sdk=iphoneos*]" = AppIcon;
				ASSETCATALOG_COMPILER_GLOBAL_ACCENT_COLOR_NAME = AccentColor;
				ASSETCATALOG_COMPILER_INCLUDE_ALL_APPICON_ASSETS = NO;
				CODE_SIGN_ENTITLEMENTS = PicSurprise/PicSurprise.entitlements;
				CODE_SIGN_IDENTITY = "Apple Development";
				"CODE_SIGN_IDENTITY[sdk=macosx*]" = "Apple Development";
				CODE_SIGN_STYLE = Automatic;
				CURRENT_PROJECT_VERSION = 4;
				DEVELOPMENT_ASSET_PATHS = "\"PicSurprise/Preview Content\"";
				DEVELOPMENT_TEAM = CF385X2CHK;
				EMBED_ASSET_PACKS_IN_PRODUCT_BUNDLE = YES;
				ENABLE_HARDENED_RUNTIME = YES;
				ENABLE_PREVIEWS = YES;
				GENERATE_INFOPLIST_FILE = YES;
				INFOPLIST_KEY_CFBundleDisplayName = "picSurprise!";
				INFOPLIST_KEY_LSApplicationCategoryType = "public.app-category.photography";
				"INFOPLIST_KEY_UIApplicationSceneManifest_Generation[sdk=iphoneos*]" = YES;
				"INFOPLIST_KEY_UIApplicationSceneManifest_Generation[sdk=iphonesimulator*]" = YES;
				"INFOPLIST_KEY_UIApplicationSupportsIndirectInputEvents[sdk=iphoneos*]" = YES;
				"INFOPLIST_KEY_UIApplicationSupportsIndirectInputEvents[sdk=iphonesimulator*]" = YES;
				"INFOPLIST_KEY_UILaunchScreen_Generation[sdk=iphoneos*]" = YES;
				"INFOPLIST_KEY_UILaunchScreen_Generation[sdk=iphonesimulator*]" = YES;
				"INFOPLIST_KEY_UIStatusBarStyle[sdk=iphoneos*]" = UIStatusBarStyleDefault;
				"INFOPLIST_KEY_UIStatusBarStyle[sdk=iphonesimulator*]" = UIStatusBarStyleDefault;
				INFOPLIST_KEY_UISupportedInterfaceOrientations = "UIInterfaceOrientationLandscapeLeft UIInterfaceOrientationLandscapeRight UIInterfaceOrientationPortrait";
				IPHONEOS_DEPLOYMENT_TARGET = 17.0;
				LD_RUNPATH_SEARCH_PATHS = "@executable_path/Frameworks";
				"LD_RUNPATH_SEARCH_PATHS[sdk=macosx*]" = "@executable_path/../Frameworks";
				MACOSX_DEPLOYMENT_TARGET = 12.3;
				MARKETING_VERSION = 2.3;
				PRODUCT_BUNDLE_IDENTIFIER = glowrocks.PicSurprise;
				PRODUCT_NAME = "$(TARGET_NAME)";
				PROVISIONING_PROFILE_SPECIFIER = "";
				SDKROOT = macosx;
				SUPPORTED_PLATFORMS = macosx;
				SUPPORTS_MACCATALYST = NO;
				SUPPORTS_MAC_DESIGNED_FOR_IPHONE_IPAD = NO;
				SWIFT_EMIT_LOC_STRINGS = YES;
				SWIFT_VERSION = 5.0;
				TARGETED_DEVICE_FAMILY = "1,2,3,4,6";
			};
			name = Release;
		};
/* End XCBuildConfiguration section */

/* Begin XCConfigurationList section */
		2776D0162A34145A00BD68D7 /* Build configuration list for PBXProject "PicSurprise" */ = {
			isa = XCConfigurationList;
			buildConfigurations = (
				2776D0282A34145B00BD68D7 /* Debug */,
				2776D0292A34145B00BD68D7 /* Release */,
			);
			defaultConfigurationIsVisible = 0;
			defaultConfigurationName = Release;
		};
		2776D02A2A34145B00BD68D7 /* Build configuration list for PBXNativeTarget "PicSurprise" */ = {
			isa = XCConfigurationList;
			buildConfigurations = (
				2776D02B2A34145B00BD68D7 /* Debug */,
				2776D02C2A34145B00BD68D7 /* Release */,
			);
			defaultConfigurationIsVisible = 0;
			defaultConfigurationName = Release;
		};
/* End XCConfigurationList section */

/* Begin XCRemoteSwiftPackageReference section */
		27DA01AF2A3EBB72002A538B /* XCRemoteSwiftPackageReference "url-image" */ = {
			isa = XCRemoteSwiftPackageReference;
			repositoryURL = "https://github.com/dmytro-anokhin/url-image";
			requirement = {
				kind = upToNextMajorVersion;
				minimumVersion = 3.1.1;
			};
		};
/* End XCRemoteSwiftPackageReference section */

/* Begin XCSwiftPackageProductDependency section */
		27DA01B02A3EBB72002A538B /* URLImage */ = {
			isa = XCSwiftPackageProductDependency;
			package = 27DA01AF2A3EBB72002A538B /* XCRemoteSwiftPackageReference "url-image" */;
			productName = URLImage;
		};
		27DA01B22A3EBB72002A538B /* URLImageStore */ = {
			isa = XCSwiftPackageProductDependency;
			package = 27DA01AF2A3EBB72002A538B /* XCRemoteSwiftPackageReference "url-image" */;
			productName = URLImageStore;
		};
/* End XCSwiftPackageProductDependency section */
	};
	rootObject = 2776D0132A34145A00BD68D7 /* Project object */;
}
